# This file is autogenerated, do not edit; changes may be undone by the next 'dep ensure'.


[[projects]]
  digest = "1:5a9df95e711f2d35380e6dcc3132c0efde5cbfb61c8e72f149e5110e0c75b5c2"
  name = "github.com/ananagame/rich-go"
  packages = [
    "client",
    "ipc",
  ]
  pruneopts = "UT"
  revision = "43993a0aa37f8b29c66bd47d086f2a8a2d38de44"
  version = "v2.0"

[[projects]]
  branch = "master"
  digest = "1:e189a74ad21c3d1e10630172d9468f3f641414725a50326045ca360d71e753a6"
  name = "github.com/getlantern/context"
  packages = ["."]
  pruneopts = "UT"
  revision = "c447772a6520c1a3ae6294a7df725ee08230f14e"

[[projects]]
  branch = "master"
  digest = "1:754e0e024892bc771720c72116ff521fe02bfddcca91c69cc2ff08a25aeb62f3"
  name = "github.com/getlantern/errors"
  packages = ["."]
  pruneopts = "UT"
  revision = "abdb3e3e36f7e64b4bfbe96e860db91e7534aa6e"

[[projects]]
  branch = "master"
  digest = "1:4f9176612ca654e349a233037f882a4784c28533fb97c1d4e5486bc1822976bd"
  name = "github.com/getlantern/golog"
  packages = ["."]
  pruneopts = "UT"
  revision = "4ef2e798c2d7ec7d3e0c45369b33eaa05fc8221b"

[[projects]]
  branch = "master"
  digest = "1:ef7d3553cc70a0406baf828fe62f741777135d1248e7cd96a26f743aa11e6565"
  name = "github.com/getlantern/hex"
  packages = ["."]
  pruneopts = "UT"
  revision = "c6586a6fe0b7c95eef767657ab1031cbcfc7af66"

[[projects]]
  branch = "master"
  digest = "1:f65fd0ed3e1794ab0a5cf824c0e498b954e0a5311ce486d8f177cc65d4a60356"
  name = "github.com/getlantern/hidden"
  packages = ["."]
  pruneopts = "UT"
  revision = "f02dbb02be5552811eec1040d7906424c52ae539"

[[projects]]
  branch = "master"
  digest = "1:e90f0d30bdecee063f54137a1c3267b9f65bb5432da2f90efde981f935812d37"
  name = "github.com/getlantern/ops"
  packages = ["."]
  pruneopts = "UT"
  revision = "d70cb0d6f85f5066bcf4d693721f382e075b9366"

[[projects]]
  branch = "master"
  digest = "1:524e95a6299fa8cee2e06543ea7051297614da7e64bfe39b4f46dccc7f7a6043"
  name = "github.com/getlantern/systray"
  packages = ["."]
  pruneopts = "UT"
  revision = "6f0e5a3c556c78a9bb175697ca41a193bf74ffc9"

[[projects]]
  digest = "1:586ea76dbd0374d6fb649a91d70d652b7fe0ccffb8910a77468e7702e7901f3d"
  name = "github.com/go-stack/stack"
  packages = ["."]
  pruneopts = "UT"
  revision = "2fee6af1a9795aafbe0253a0cfbdf668e1fb8a9a"
  version = "v1.8.0"

[[projects]]
  branch = "master"
  digest = "1:8ad686b49b509bf03549281c04b5fe11f609e9b12bf34a0690acad8cecc94f15"
  name = "github.com/oxtoacart/bpool"
  packages = ["."]
  pruneopts = "UT"
  revision = "03653db5a59cd88b481403d312d7c324b56af377"

[[projects]]
  branch = "master"
  digest = "1:0f1a934ff663be87fe076bbed91fdf39656a722b04c3b925234a1f6ef71b4d9d"
  name = "golang.org/x/sys"
  packages = ["windows"]
  pruneopts = "UT"
  revision = "06d7bd2c5f4f4a6cc6e910b611851044253bd7d1"

[[projects]]
  branch = "v2"
  digest = "1:3d3f9391ab615be8655ae0d686a1564f3fec413979bb1aaf018bac1ec1bb1cc7"
  name = "gopkg.in/natefinch/npipe.v2"
  packages = ["."]
  pruneopts = "UT"
  revision = "c1b8fa8bdccecb0b8db834ee0b92fdbcfa606dd6"

[solve-meta]
  analyzer-name = "dep"
  analyzer-version = 1
  input-imports = [
    "github.com/ananagame/rich-go/client",
    "github.com/getlantern/systray",
  ]
  solver-name = "gps-cdcl"
  solver-version = 1
